{
    "name": "avr-usb-made-simple",
    "version": "1.0.0",
    "lockfileVersion": 2,
    "requires": true,
    "packages": {
        "": {
            "name": "avr-usb-made-simple",
            "version": "1.0.0",
            "license": "ISC",
            "dependencies": {
                "usb": "^2.0.3"
            }
        },
        "node_modules/@types/w3c-web-usb": {
            "version": "1.0.6",
            "resolved": "https://registry.npmjs.org/@types/w3c-web-usb/-/w3c-web-usb-1.0.6.tgz",
            "integrity": "sha512-cSjhgrr8g4KbPnnijAr/KJDNKa/bBa+ixYkywFRvrhvi9n1WEl7yYbtRyzE6jqNQiSxxJxoAW3STaOQwJHndaw=="
        },
        "node_modules/node-addon-api": {
            "version": "7.0.0",
            "resolved": "https://registry.npmjs.org/node-addon-api/-/node-addon-api-7.0.0.tgz",
            "integrity": "sha512-vgbBJTS4m5/KkE16t5Ly0WW9hz46swAstv0hYYwMtbG7AznRhNyfLRe8HZAiWIpcHzoO7HxhLuBQj9rJ/Ho0ZA=="
        },
        "node_modules/node-gyp-build": {
            "version": "4.6.1",
            "resolved": "https://registry.npmjs.org/node-gyp-build/-/node-gyp-build-4.6.1.tgz",
            "integrity": "sha512-24vnklJmyRS8ViBNI8KbtK/r/DmXQMRiOMXTNz2nrTnAYUwjmEEbnnpB/+kt+yWRv73bPsSPRFddrcIbAxSiMQ==",
            "bin": {
                "node-gyp-build": "bin.js",
                "node-gyp-build-optional": "optional.js",
                "node-gyp-build-test": "build-test.js"
            }
        },
        "node_modules/usb": {
            "version": "2.10.0",
            "resolved": "https://registry.npmjs.org/usb/-/usb-2.10.0.tgz",
            "integrity": "sha512-FbzLhziRs4rHnTDZX+eKl9yBVjiuMNX+opl0r8TFPj265PuNtqak3qw5c8DLpBwq3z1JZgAOgm5Nn7cV30nCxg==",
            "hasInstallScript": true,
            "dependencies": {
                "@types/w3c-web-usb": "^1.0.6",
                "node-addon-api": "^7.0.0",
                "node-gyp-build": "^4.5.0"
            },
            "engines": {
                "node": ">=12.22.0 <13.0 || >=14.17.0"
            }
        }
    },
    "dependencies": {
        "@types/w3c-web-usb": {
            "version": "1.0.6",
            "resolved": "https://registry.npmjs.org/@types/w3c-web-usb/-/w3c-web-usb-1.0.6.tgz",
            "integrity": "sha512-cSjhgrr8g4KbPnnijAr/KJDNKa/bBa+ixYkywFRvrhvi9n1WEl7yYbtRyzE6jqNQiSxxJxoAW3STaOQwJHndaw=="
        },
        "node-addon-api": {
            "version": "7.0.0",
            "resolved": "https://registry.npmjs.org/node-addon-api/-/node-addon-api-7.0.0.tgz",
            "integrity": "sha512-vgbBJTS4m5/KkE16t5Ly0WW9hz46swAstv0hYYwMtbG7AznRhNyfLRe8HZAiWIpcHzoO7HxhLuBQj9rJ/Ho0ZA=="
        },
        "node-gyp-build": {
            "version": "4.6.1",
            "resolved": "https://registry.npmjs.org/node-gyp-build/-/node-gyp-build-4.6.1.tgz",
            "integrity": "sha512-24vnklJmyRS8ViBNI8KbtK/r/DmXQMRiOMXTNz2nrTnAYUwjmEEbnnpB/+kt+yWRv73bPsSPRFddrcIbAxSiMQ=="
        },
        "usb": {
            "version": "2.10.0",
            "resolved": "https://registry.npmjs.org/usb/-/usb-2.10.0.tgz",
            "integrity": "sha512-FbzLhziRs4rHnTDZX+eKl9yBVjiuMNX+opl0r8TFPj265PuNtqak3qw5c8DLpBwq3z1JZgAOgm5Nn7cV30nCxg==",
            "requires": {
                "@types/w3c-web-usb": "^1.0.6",
                "node-addon-api": "^7.0.0",
                "node-gyp-build": "^4.5.0"
            }
        }
    }
}
